
Microsoft Visual Studio Solution File, Format Version 12.00
# Visual Studio Version 16
VisualStudioVersion = 16.0.31515.178
MinimumVisualStudioVersion = 10.0.40219.1
Project("{FAE04EC0-301F-11D3-BF4B-00C04F79EFBC}") = "ResizeOfArrayHW", "ResizeOfArrayHW.csproj", "{2ADD6BC9-E790-479F-80FD-CC98982EC4CB}"
EndProject
Global
	GlobalSection(SolutionConfigurationPlatforms) = preSolution
		Debug|Any CPU = Debug|Any CPU
		Release|Any CPU = Release|Any CPU
	EndGlobalSection
	GlobalSection(ProjectConfigurationPlatforms) = postSolution
		{2ADD6BC9-E790-479F-80FD-CC98982EC4CB}.Debug|Any CPU.ActiveCfg = Debug|Any CPU
		{2ADD6BC9-E790-479F-80FD-CC98982EC4CB}.Debug|Any CPU.Build.0 = Debug|Any CPU
		{2ADD6BC9-E790-479F-80FD-CC98982EC4CB}.Release|Any CPU.ActiveCfg = Release|Any CPU
		{2ADD6BC9-E790-479F-80FD-CC98982EC4CB}.Release|Any CPU.Build.0 = Release|Any CPU
	EndGlobalSection
	GlobalSection(SolutionProperties) = preSolution
		HideSolutionNode = FALSE
	EndGlobalSection
	GlobalSection(ExtensibilityGlobals) = postSolution
		SolutionGuid = {71C2861C-386C-4252-AFF8-E908CFD7A4D6}
	EndGlobalSection
EndGlobal
